
Microsoft Visual Studio Solution File, Format Version 11.00
# Visual Studio 2010
Project("{FAE04EC0-301F-11D3-BF4B-00C04F79EFBC}") = "TestFlightUnity", "TestFlightUnity.csproj", "{E0BC4562-CB36-4DD6-AEAF-A6DBB5B2BFD4}"
EndProject
Global
	GlobalSection(SolutionConfigurationPlatforms) = preSolution
		Debug|Any CPU = Debug|Any CPU
		Release|Any CPU = Release|Any CPU
	EndGlobalSection
	GlobalSection(ProjectConfigurationPlatforms) = postSolution
		{E0BC4562-CB36-4DD6-AEAF-A6DBB5B2BFD4}.Debug|Any CPU.ActiveCfg = Debug|Any CPU
		{E0BC4562-CB36-4DD6-AEAF-A6DBB5B2BFD4}.Debug|Any CPU.Build.0 = Debug|Any CPU
		{E0BC4562-CB36-4DD6-AEAF-A6DBB5B2BFD4}.Release|Any CPU.ActiveCfg = Release|Any CPU
		{E0BC4562-CB36-4DD6-AEAF-A6DBB5B2BFD4}.Release|Any CPU.Build.0 = Release|Any CPU
	EndGlobalSection
	GlobalSection(MonoDevelopProperties) = preSolution
		StartupItem = TestFlightUnity.csproj
	EndGlobalSection
EndGlobal
