// !$*UTF8*$!
{
	archiveVersion = 1;
	classes = {
	};
	objectVersion = 46;
	objects = {

/* Begin PBXBuildFile section */
		698E831C15622521001532E8 /* UIKit.framework in Frameworks */ = {isa = PBXBuildFile; fileRef = 69D22272156207FE005E92A6 /* UIKit.framework */; };
		69D2225B1561CBCD005E92A6 /* libTestFlight.a in Frameworks */ = {isa = PBXBuildFile; fileRef = 69D222591561CBCD005E92A6 /* libTestFlight.a */; };
		69D2225C1561CBCD005E92A6 /* TestFlight.h in Headers */ = {isa = PBXBuildFile; fileRef = 69D2225A1561CBCD005E92A6 /* TestFlight.h */; };
		69D222601561CC0E005E92A6 /* TestFlightCBinding.mm in Sources */ = {isa = PBXBuildFile; fileRef = 69D2225E1561CC0E005E92A6 /* TestFlightCBinding.mm */; };
		69D222621561E952005E92A6 /* libTestFlightCBinding.a in CopyFiles */ = {isa = PBXBuildFile; fileRef = 69D222481561CB80005E92A6 /* libTestFlightCBinding.a */; };
/* End PBXBuildFile section */

/* Begin PBXCopyFilesBuildPhase section */
		69D222611561E926005E92A6 /* CopyFiles */ = {
			isa = PBXCopyFilesBuildPhase;
			buildActionMask = 2147483647;
			dstPath = ../../../../unity/Assets/Plugins/iOS;
			dstSubfolderSpec = 16;
			files = (
				69D222621561E952005E92A6 /* libTestFlightCBinding.a in CopyFiles */,
			);
			runOnlyForDeploymentPostprocessing = 0;
		};
/* End PBXCopyFilesBuildPhase section */

/* Begin PBXFileReference section */
		69D222481561CB80005E92A6 /* libTestFlightCBinding.a */ = {isa = PBXFileReference; explicitFileType = archive.ar; includeInIndex = 0; path = libTestFlightCBinding.a; sourceTree = BUILT_PRODUCTS_DIR; };
		69D222591561CBCD005E92A6 /* libTestFlight.a */ = {isa = PBXFileReference; lastKnownFileType = archive.ar; name = libTestFlight.a; path = ../../deps/libTestFlight.a; sourceTree = "<group>"; };
		69D2225A1561CBCD005E92A6 /* TestFlight.h */ = {isa = PBXFileReference; fileEncoding = 4; lastKnownFileType = sourcecode.c.h; name = TestFlight.h; path = ../../deps/TestFlight.h; sourceTree = "<group>"; };
		69D2225E1561CC0E005E92A6 /* TestFlightCBinding.mm */ = {isa = PBXFileReference; fileEncoding = 4; lastKnownFileType = sourcecode.cpp.objcpp; path = TestFlightCBinding.mm; sourceTree = "<group>"; };
		69D22272156207FE005E92A6 /* UIKit.framework */ = {isa = PBXFileReference; lastKnownFileType = wrapper.framework; name = UIKit.framework; path = System/Library/Frameworks/UIKit.framework; sourceTree = SDKROOT; };
/* End PBXFileReference section */

/* Begin PBXFrameworksBuildPhase section */
		69D222451561CB80005E92A6 /* Frameworks */ = {
			isa = PBXFrameworksBuildPhase;
			buildActionMask = 2147483647;
			files = (
				698E831C15622521001532E8 /* UIKit.framework in Frameworks */,
				69D2225B1561CBCD005E92A6 /* libTestFlight.a in Frameworks */,
			);
			runOnlyForDeploymentPostprocessing = 0;
		};
/* End PBXFrameworksBuildPhase section */

/* Begin PBXGroup section */
		69D2223D1561CB80005E92A6 = {
			isa = PBXGroup;
			children = (
				69D2225E1561CC0E005E92A6 /* TestFlightCBinding.mm */,
				69D222581561CBB8005E92A6 /* TestFlightSDK */,
				69D2224A1561CB80005E92A6 /* Frameworks */,
				69D222491561CB80005E92A6 /* Products */,
			);
			sourceTree = "<group>";
		};
		69D222491561CB80005E92A6 /* Products */ = {
			isa = PBXGroup;
			children = (
				69D222481561CB80005E92A6 /* libTestFlightCBinding.a */,
			);
			name = Products;
			sourceTree = "<group>";
		};
		69D2224A1561CB80005E92A6 /* Frameworks */ = {
			isa = PBXGroup;
			children = (
				69D22272156207FE005E92A6 /* UIKit.framework */,
			);
			name = Frameworks;
			sourceTree = "<group>";
		};
		69D222581561CBB8005E92A6 /* TestFlightSDK */ = {
			isa = PBXGroup;
			children = (
				69D222591561CBCD005E92A6 /* libTestFlight.a */,
				69D2225A1561CBCD005E92A6 /* TestFlight.h */,
			);
			name = TestFlightSDK;
			sourceTree = "<group>";
		};
/* End PBXGroup section */

/* Begin PBXHeadersBuildPhase section */
		69D222461561CB80005E92A6 /* Headers */ = {
			isa = PBXHeadersBuildPhase;
			buildActionMask = 2147483647;
			files = (
				69D2225C1561CBCD005E92A6 /* TestFlight.h in Headers */,
			);
			runOnlyForDeploymentPostprocessing = 0;
		};
/* End PBXHeadersBuildPhase section */

/* Begin PBXNativeTarget section */
		69D222471561CB80005E92A6 /* TestFlightCBinding */ = {
			isa = PBXNativeTarget;
			buildConfigurationList = 69D222551561CB80005E92A6 /* Build configuration list for PBXNativeTarget "TestFlightCBinding" */;
			buildPhases = (
				69D222441561CB80005E92A6 /* Sources */,
				69D222451561CB80005E92A6 /* Frameworks */,
				69D222461561CB80005E92A6 /* Headers */,
				69D222611561E926005E92A6 /* CopyFiles */,
			);
			buildRules = (
			);
			dependencies = (
			);
			name = TestFlightCBinding;
			productName = TestFlightCBinding;
			productReference = 69D222481561CB80005E92A6 /* libTestFlightCBinding.a */;
			productType = "com.apple.product-type.library.static";
		};
/* End PBXNativeTarget section */

/* Begin PBXProject section */
		69D2223F1561CB80005E92A6 /* Project object */ = {
			isa = PBXProject;
			attributes = {
				LastUpgradeCheck = 0430;
				ORGANIZATIONNAME = Dekko;
			};
			buildConfigurationList = 69D222421561CB80005E92A6 /* Build configuration list for PBXProject "TestFlightCBinding" */;
			compatibilityVersion = "Xcode 3.2";
			developmentRegion = English;
			hasScannedForEncodings = 0;
			knownRegions = (
				en,
			);
			mainGroup = 69D2223D1561CB80005E92A6;
			productRefGroup = 69D222491561CB80005E92A6 /* Products */;
			projectDirPath = "";
			projectRoot = "";
			targets = (
				69D222471561CB80005E92A6 /* TestFlightCBinding */,
			);
		};
/* End PBXProject section */

/* Begin PBXSourcesBuildPhase section */
		69D222441561CB80005E92A6 /* Sources */ = {
			isa = PBXSourcesBuildPhase;
			buildActionMask = 2147483647;
			files = (
				69D222601561CC0E005E92A6 /* TestFlightCBinding.mm in Sources */,
			);
			runOnlyForDeploymentPostprocessing = 0;
		};
/* End PBXSourcesBuildPhase section */

/* Begin XCBuildConfiguration section */
		69D222531561CB80005E92A6 /* Debug */ = {
			isa = XCBuildConfiguration;
			buildSettings = {
				ALWAYS_SEARCH_USER_PATHS = NO;
				ARCHS = "$(ARCHS_STANDARD_32_BIT)";
				COPY_PHASE_STRIP = NO;
				GCC_C_LANGUAGE_STANDARD = gnu99;
				GCC_DYNAMIC_NO_PIC = NO;
				GCC_OPTIMIZATION_LEVEL = 0;
				GCC_PREPROCESSOR_DEFINITIONS = (
					"DEBUG=1",
					"$(inherited)",
				);
				GCC_SYMBOLS_PRIVATE_EXTERN = NO;
				GCC_VERSION = com.apple.compilers.llvm.clang.1_0;
				GCC_WARN_ABOUT_RETURN_TYPE = YES;
				GCC_WARN_UNINITIALIZED_AUTOS = YES;
				GCC_WARN_UNUSED_VARIABLE = YES;
				IPHONEOS_DEPLOYMENT_TARGET = 5.1;
				SDKROOT = iphoneos;
			};
			name = Debug;
		};
		69D222541561CB80005E92A6 /* Release */ = {
			isa = XCBuildConfiguration;
			buildSettings = {
				ALWAYS_SEARCH_USER_PATHS = NO;
				ARCHS = "$(ARCHS_STANDARD_32_BIT)";
				COPY_PHASE_STRIP = YES;
				GCC_C_LANGUAGE_STANDARD = gnu99;
				GCC_VERSION = com.apple.compilers.llvm.clang.1_0;
				GCC_WARN_ABOUT_RETURN_TYPE = YES;
				GCC_WARN_UNINITIALIZED_AUTOS = YES;
				GCC_WARN_UNUSED_VARIABLE = YES;
				IPHONEOS_DEPLOYMENT_TARGET = 5.1;
				SDKROOT = iphoneos;
				VALIDATE_PRODUCT = YES;
			};
			name = Release;
		};
		69D222561561CB80005E92A6 /* Debug */ = {
			isa = XCBuildConfiguration;
			buildSettings = {
				DSTROOT = /tmp/TestFlightCBinding.dst;
				GCC_PRECOMPILE_PREFIX_HEADER = NO;
				GCC_PREFIX_HEADER = "";
				LIBRARY_SEARCH_PATHS = (
					"$(inherited)",
					"\"$(SRCROOT)/../../deps\"",
				);
				OTHER_LDFLAGS = "-ObjC";
				PRODUCT_NAME = "$(TARGET_NAME)";
				SKIP_INSTALL = YES;
			};
			name = Debug;
		};
		69D222571561CB80005E92A6 /* Release */ = {
			isa = XCBuildConfiguration;
			buildSettings = {
				DSTROOT = /tmp/TestFlightCBinding.dst;
				GCC_PRECOMPILE_PREFIX_HEADER = NO;
				GCC_PREFIX_HEADER = "";
				LIBRARY_SEARCH_PATHS = (
					"$(inherited)",
					"\"$(SRCROOT)/../../deps\"",
				);
				OTHER_LDFLAGS = "-ObjC";
				PRODUCT_NAME = "$(TARGET_NAME)";
				SKIP_INSTALL = YES;
			};
			name = Release;
		};
/* End XCBuildConfiguration section */

/* Begin XCConfigurationList section */
		69D222421561CB80005E92A6 /* Build configuration list for PBXProject "TestFlightCBinding" */ = {
			isa = XCConfigurationList;
			buildConfigurations = (
				69D222531561CB80005E92A6 /* Debug */,
				69D222541561CB80005E92A6 /* Release */,
			);
			defaultConfigurationIsVisible = 0;
			defaultConfigurationName = Release;
		};
		69D222551561CB80005E92A6 /* Build configuration list for PBXNativeTarget "TestFlightCBinding" */ = {
			isa = XCConfigurationList;
			buildConfigurations = (
				69D222561561CB80005E92A6 /* Debug */,
				69D222571561CB80005E92A6 /* Release */,
			);
			defaultConfigurationIsVisible = 0;
			defaultConfigurationName = Release;
		};
/* End XCConfigurationList section */
	};
	rootObject = 69D2223F1561CB80005E92A6 /* Project object */;
}
