Microsoft Visual Studio Solution File, Format Version 11.00
# Visual Studio 2008

Project("{439B3A25-B555-B3BC-8667-A09A036AE70C}") = "unity", "Assembly-CSharp-firstpass-vs.csproj", "{518622B2-9050-A153-E465-3E4BD155181A}"
EndProject
Project("{439B3A25-B555-B3BC-8667-A09A036AE70C}") = "unity", "Assembly-CSharp-vs.csproj", "{C3DA89E1-70C6-7D6C-993E-C8F831D35880}"
EndProject
Global
	GlobalSection(SolutionConfigurationPlatforms) = preSolution
		Debug|Any CPU = Debug|Any CPU
		Release|Any CPU = Release|Any CPU
	EndGlobalSection
	GlobalSection(ProjectConfigurationPlatforms) = postSolution
		{518622B2-9050-A153-E465-3E4BD155181A}.Debug|Any CPU.ActiveCfg = Debug|Any CPU
		{518622B2-9050-A153-E465-3E4BD155181A}.Debug|Any CPU.Build.0 = Debug|Any CPU
		{518622B2-9050-A153-E465-3E4BD155181A}.Release|Any CPU.ActiveCfg = Release|Any CPU
		{518622B2-9050-A153-E465-3E4BD155181A}.Release|Any CPU.Build.0 = Release|Any CPU
		{C3DA89E1-70C6-7D6C-993E-C8F831D35880}.Debug|Any CPU.ActiveCfg = Debug|Any CPU
		{C3DA89E1-70C6-7D6C-993E-C8F831D35880}.Debug|Any CPU.Build.0 = Debug|Any CPU
		{C3DA89E1-70C6-7D6C-993E-C8F831D35880}.Release|Any CPU.ActiveCfg = Release|Any CPU
		{C3DA89E1-70C6-7D6C-993E-C8F831D35880}.Release|Any CPU.Build.0 = Release|Any CPU
	EndGlobalSection
	GlobalSection(SolutionProperties) = preSolution
		HideSolutionNode = FALSE
	EndGlobalSection
															GlobalSection(MonoDevelopProperties) = preSolution
		StartupItem = Assembly-CSharp.csproj
		Policies = $0
		$0.TextStylePolicy = $1
		$1.RemoveTrailingWhitespace = True
		$1.inheritsSet = VisualStudio
		$1.inheritsScope = text/plain
		$1.scope = text/x-csharp
		$0.CSharpFormattingPolicy = $2
		$2.IndentNamespaceBody = False
		$2.AlignEmbeddedIfStatements = False
		$2.PlaceElseOnNewLine = True
		$2.PlaceCatchOnNewLine = True
		$2.PlaceFinallyOnNewLine = True
		$2.BeforeMethodDeclarationParentheses = False
		$2.WithinMethodDeclarationParentheses = True
		$2.BeforeMethodCallParentheses = False
		$2.WithinMethodCallParentheses = True
		$2.BeforeConstructorDeclarationParentheses = False
		$2.WithinConstructorDeclarationParentheses = True
		$2.BeforeIndexerDeclarationBracket = False
		$2.WithinIndexerDeclarationBracket = True
		$2.BeforeDelegateDeclarationParentheses = False
		$2.WithinDelegateDeclarationParentheses = True
		$2.NewParentheses = False
		$2.IfParentheses = False
		$2.WhileParentheses = False
		$2.ForParentheses = False
		$2.ForeachParentheses = False
		$2.CatchParentheses = False
		$2.SwitchParentheses = False
		$2.LockParentheses = False
		$2.UsingParentheses = False
		$2.WithinIfParentheses = True
		$2.WithinWhileParentheses = True
		$2.WithinForParentheses = True
		$2.WithinForEachParentheses = True
		$2.WithinCatchParentheses = True
		$2.WithinSwitchParentheses = True
		$2.WithinLockParentheses = True
		$2.WithinUsingParentheses = True
		$2.WithinNewParentheses = True
		$2.SpacesBeforeBrackets = False
		$2.inheritsSet = Mono
		$2.inheritsScope = text/x-csharp
		$2.scope = text/x-csharp
		$0.TextStylePolicy = $3
		$3.FileWidth = 120
		$3.TabWidth = 4
		$3.EolMarker = Unix
		$3.inheritsSet = Mono
		$3.inheritsScope = text/plain
		$3.scope = text/plain
	EndGlobalSection

EndGlobal
